
Microsoft Visual Studio Solution File, Format Version 12.00
# Visual Studio Version 17
VisualStudioVersion = 17.11.35222.181
MinimumVisualStudioVersion = 10.0.40219.1
Project("{9A19103F-16F7-4668-BE54-9A1E7A4F7556}") = "ThundersTasks.Core", "ThundersTasks.Core\ThundersTasks.Core.csproj", "{EC7A8075-58BD-4F57-8634-AD3E2FCA1B0C}"
EndProject
Project("{9A19103F-16F7-4668-BE54-9A1E7A4F7556}") = "ThundersTasks.Infrastructure", "ThundersTasks.Infrastructure\ThundersTasks.Infrastructure.csproj", "{143DE0DD-111E-41B2-BC9F-C08DB049D196}"
EndProject
Project("{9A19103F-16F7-4668-BE54-9A1E7A4F7556}") = "ThundersTasks.Application", "ThundersTasks.Application\ThundersTasks.Application.csproj", "{C63E784C-F34B-43DA-AC7D-F0EA291B67E0}"
EndProject
Project("{9A19103F-16F7-4668-BE54-9A1E7A4F7556}") = "ThundersTasks.API", "ThundersTasks.API\ThundersTasks.API.csproj", "{9A35ABD3-78F3-468D-9CDA-26613A54EE62}"
EndProject
Project("{FAE04EC0-301F-11D3-BF4B-00C04F79EFBC}") = "ThundersTasks.Test", "ThundersTasks.Test\ThundersTasks.Test.csproj", "{0E8C25FA-520B-48DD-8F2A-3C2F022901E5}"
EndProject
Global
	GlobalSection(SolutionConfigurationPlatforms) = preSolution
		Debug|Any CPU = Debug|Any CPU
		Release|Any CPU = Release|Any CPU
	EndGlobalSection
	GlobalSection(ProjectConfigurationPlatforms) = postSolution
		{EC7A8075-58BD-4F57-8634-AD3E2FCA1B0C}.Debug|Any CPU.ActiveCfg = Debug|Any CPU
		{EC7A8075-58BD-4F57-8634-AD3E2FCA1B0C}.Debug|Any CPU.Build.0 = Debug|Any CPU
		{EC7A8075-58BD-4F57-8634-AD3E2FCA1B0C}.Release|Any CPU.ActiveCfg = Release|Any CPU
		{EC7A8075-58BD-4F57-8634-AD3E2FCA1B0C}.Release|Any CPU.Build.0 = Release|Any CPU
		{143DE0DD-111E-41B2-BC9F-C08DB049D196}.Debug|Any CPU.ActiveCfg = Debug|Any CPU
		{143DE0DD-111E-41B2-BC9F-C08DB049D196}.Debug|Any CPU.Build.0 = Debug|Any CPU
		{143DE0DD-111E-41B2-BC9F-C08DB049D196}.Release|Any CPU.ActiveCfg = Release|Any CPU
		{143DE0DD-111E-41B2-BC9F-C08DB049D196}.Release|Any CPU.Build.0 = Release|Any CPU
		{C63E784C-F34B-43DA-AC7D-F0EA291B67E0}.Debug|Any CPU.ActiveCfg = Debug|Any CPU
		{C63E784C-F34B-43DA-AC7D-F0EA291B67E0}.Debug|Any CPU.Build.0 = Debug|Any CPU
		{C63E784C-F34B-43DA-AC7D-F0EA291B67E0}.Release|Any CPU.ActiveCfg = Release|Any CPU
		{C63E784C-F34B-43DA-AC7D-F0EA291B67E0}.Release|Any CPU.Build.0 = Release|Any CPU
		{9A35ABD3-78F3-468D-9CDA-26613A54EE62}.Debug|Any CPU.ActiveCfg = Debug|Any CPU
		{9A35ABD3-78F3-468D-9CDA-26613A54EE62}.Debug|Any CPU.Build.0 = Debug|Any CPU
		{9A35ABD3-78F3-468D-9CDA-26613A54EE62}.Release|Any CPU.ActiveCfg = Release|Any CPU
		{9A35ABD3-78F3-468D-9CDA-26613A54EE62}.Release|Any CPU.Build.0 = Release|Any CPU
		{0E8C25FA-520B-48DD-8F2A-3C2F022901E5}.Debug|Any CPU.ActiveCfg = Debug|Any CPU
		{0E8C25FA-520B-48DD-8F2A-3C2F022901E5}.Debug|Any CPU.Build.0 = Debug|Any CPU
		{0E8C25FA-520B-48DD-8F2A-3C2F022901E5}.Release|Any CPU.ActiveCfg = Release|Any CPU
		{0E8C25FA-520B-48DD-8F2A-3C2F022901E5}.Release|Any CPU.Build.0 = Release|Any CPU
	EndGlobalSection
	GlobalSection(SolutionProperties) = preSolution
		HideSolutionNode = FALSE
	EndGlobalSection
	GlobalSection(ExtensibilityGlobals) = postSolution
		SolutionGuid = {2112D8CD-1BBE-4118-9037-7786CCF56822}
	EndGlobalSection
EndGlobal
